
Microsoft Visual Studio Solution File, Format Version 12.00
# Visual Studio Version 16
VisualStudioVersion = 16.0.30406.217
MinimumVisualStudioVersion = 10.0.40219.1
Project("{FAE04EC0-301F-11D3-BF4B-00C04F79EFBC}") = "WiproCore", "WiproCore\WiproCore.csproj", "{3153B3C5-35CD-4F80-8E6C-44B0E2176787}"
EndProject
Project("{E53339B2-1760-4266-BCC7-CA923CBCF16C}") = "docker-compose", "docker-compose.dcproj", "{6D1ED0BF-A168-4A3C-80A0-634F76CE37FC}"
EndProject
Global
	GlobalSection(SolutionConfigurationPlatforms) = preSolution
		Debug|Any CPU = Debug|Any CPU
		Release|Any CPU = Release|Any CPU
	EndGlobalSection
	GlobalSection(ProjectConfigurationPlatforms) = postSolution
		{3153B3C5-35CD-4F80-8E6C-44B0E2176787}.Debug|Any CPU.ActiveCfg = Debug|Any CPU
		{3153B3C5-35CD-4F80-8E6C-44B0E2176787}.Debug|Any CPU.Build.0 = Debug|Any CPU
		{3153B3C5-35CD-4F80-8E6C-44B0E2176787}.Release|Any CPU.ActiveCfg = Release|Any CPU
		{3153B3C5-35CD-4F80-8E6C-44B0E2176787}.Release|Any CPU.Build.0 = Release|Any CPU
		{6D1ED0BF-A168-4A3C-80A0-634F76CE37FC}.Debug|Any CPU.ActiveCfg = Debug|Any CPU
		{6D1ED0BF-A168-4A3C-80A0-634F76CE37FC}.Debug|Any CPU.Build.0 = Debug|Any CPU
		{6D1ED0BF-A168-4A3C-80A0-634F76CE37FC}.Release|Any CPU.ActiveCfg = Release|Any CPU
		{6D1ED0BF-A168-4A3C-80A0-634F76CE37FC}.Release|Any CPU.Build.0 = Release|Any CPU
	EndGlobalSection
	GlobalSection(SolutionProperties) = preSolution
		HideSolutionNode = FALSE
	EndGlobalSection
	GlobalSection(ExtensibilityGlobals) = postSolution
		SolutionGuid = {A4BF9AEB-BF9A-4377-9D8B-CAD344C52296}
	EndGlobalSection
EndGlobal
